{
    "name": "calligro-electron-app",
    "version": "0.1.0",
    "lockfileVersion": 2,
    "requires": true,
    "packages": {
        "": {
            "name": "calligro-electron-app",
            "version": "0.1.0",
            "dependencies": {
                "font-list": "^1.4.3"
            },
            "devDependencies": {}
        },
        "node_modules/font-list": {
            "version": "1.4.5",
            "resolved": "https://registry.npmjs.org/font-list/-/font-list-1.4.5.tgz",
            "integrity": "sha512-mLi7Sb4iitgk3mJsTZZDbixssHLoJB4/onWGlQOvTSPW8YPBDQNaMTGOdZ92axQI4UNWwPxV5FmCBOEo1Us7lg=="
        }
    },
    "dependencies": {
        "font-list": {
            "version": "1.4.5",
            "resolved": "https://registry.npmjs.org/font-list/-/font-list-1.4.5.tgz",
            "integrity": "sha512-mLi7Sb4iitgk3mJsTZZDbixssHLoJB4/onWGlQOvTSPW8YPBDQNaMTGOdZ92axQI4UNWwPxV5FmCBOEo1Us7lg=="
        }
    }
}
